
Microsoft Visual Studio Solution File, Format Version 12.00
# Visual Studio Version 16
VisualStudioVersion = 16.0.32802.440
MinimumVisualStudioVersion = 10.0.40219.1
Project("{FAE04EC0-301F-11D3-BF4B-00C04F79EFBC}") = "Devs2Blu.ProjetosAula.ViewProject", "src\Devs2Blu.ProjetosAula.ViewProject\Devs2Blu.ProjetosAula.ViewProject.csproj", "{8AEC202B-38A8-4B1C-A458-8BD08C8C51FD}"
EndProject
Global
	GlobalSection(SolutionConfigurationPlatforms) = preSolution
		Debug|Any CPU = Debug|Any CPU
		Release|Any CPU = Release|Any CPU
	EndGlobalSection
	GlobalSection(ProjectConfigurationPlatforms) = postSolution
		{8AEC202B-38A8-4B1C-A458-8BD08C8C51FD}.Debug|Any CPU.ActiveCfg = Debug|Any CPU
		{8AEC202B-38A8-4B1C-A458-8BD08C8C51FD}.Debug|Any CPU.Build.0 = Debug|Any CPU
		{8AEC202B-38A8-4B1C-A458-8BD08C8C51FD}.Release|Any CPU.ActiveCfg = Release|Any CPU
		{8AEC202B-38A8-4B1C-A458-8BD08C8C51FD}.Release|Any CPU.Build.0 = Release|Any CPU
	EndGlobalSection
	GlobalSection(SolutionProperties) = preSolution
		HideSolutionNode = FALSE
	EndGlobalSection
	GlobalSection(ExtensibilityGlobals) = postSolution
		SolutionGuid = {1A5C3CAB-4402-4527-8929-0268E854F46E}
	EndGlobalSection
EndGlobal
